
Microsoft Visual Studio Solution File, Format Version 12.00
# Visual Studio Version 16
VisualStudioVersion = 16.0.33801.447
MinimumVisualStudioVersion = 10.0.40219.1
Project("{2150E333-8FDC-42A3-9474-1A3956D46DE8}") = "Game", "Game", "{29139219-A0CC-4B36-88BC-970BF733BC51}"
EndProject
Project("{2150E333-8FDC-42A3-9474-1A3956D46DE8}") = "Engine", "Engine", "{BC8DBF15-F04D-4895-9063-67B73F92297F}"
EndProject
Project("{8BC9CEB8-8B4A-11D0-8D11-00A0C91BC942}") = "Audio", "Source\Engine\Audio\Audio.vcxproj", "{B456D941-1AD8-4431-8CCA-1E3D80F36CEB}"
EndProject
Project("{8BC9CEB8-8B4A-11D0-8D11-00A0C91BC942}") = "Core", "Source\Engine\Core\Core.vcxproj", "{7F0955E7-6EB4-4854-BE75-CF06809DE04E}"
EndProject
Project("{8BC9CEB8-8B4A-11D0-8D11-00A0C91BC942}") = "Framework", "Source\Engine\Framework\Framework.vcxproj", "{C642F233-7EE8-4770-B876-B39A3E4A9F22}"
EndProject
Project("{8BC9CEB8-8B4A-11D0-8D11-00A0C91BC942}") = "Input", "Source\Engine\Input\Input.vcxproj", "{42D3F3AA-2704-407A-90BB-A3EEDFBD9613}"
EndProject
Project("{8BC9CEB8-8B4A-11D0-8D11-00A0C91BC942}") = "Renderer", "Source\Engine\Renderer\Renderer.vcxproj", "{B806DA19-C8BF-4A84-BC08-7AB4DC634D12}"
EndProject
Project("{8BC9CEB8-8B4A-11D0-8D11-00A0C91BC942}") = "Game", "Source\Game\Game\Game.vcxproj", "{4266609C-E5C9-4100-9E3F-13CC825F3E4E}"
EndProject
Global
	GlobalSection(SolutionConfigurationPlatforms) = preSolution
		Debug|x64 = Debug|x64
		Debug|x86 = Debug|x86
		Release|x64 = Release|x64
		Release|x86 = Release|x86
	EndGlobalSection
	GlobalSection(ProjectConfigurationPlatforms) = postSolution
		{B456D941-1AD8-4431-8CCA-1E3D80F36CEB}.Debug|x64.ActiveCfg = Debug|x64
		{B456D941-1AD8-4431-8CCA-1E3D80F36CEB}.Debug|x64.Build.0 = Debug|x64
		{B456D941-1AD8-4431-8CCA-1E3D80F36CEB}.Debug|x86.ActiveCfg = Debug|Win32
		{B456D941-1AD8-4431-8CCA-1E3D80F36CEB}.Debug|x86.Build.0 = Debug|Win32
		{B456D941-1AD8-4431-8CCA-1E3D80F36CEB}.Release|x64.ActiveCfg = Release|x64
		{B456D941-1AD8-4431-8CCA-1E3D80F36CEB}.Release|x64.Build.0 = Release|x64
		{B456D941-1AD8-4431-8CCA-1E3D80F36CEB}.Release|x86.ActiveCfg = Release|Win32
		{B456D941-1AD8-4431-8CCA-1E3D80F36CEB}.Release|x86.Build.0 = Release|Win32
		{7F0955E7-6EB4-4854-BE75-CF06809DE04E}.Debug|x64.ActiveCfg = Debug|x64
		{7F0955E7-6EB4-4854-BE75-CF06809DE04E}.Debug|x64.Build.0 = Debug|x64
		{7F0955E7-6EB4-4854-BE75-CF06809DE04E}.Debug|x86.ActiveCfg = Debug|Win32
		{7F0955E7-6EB4-4854-BE75-CF06809DE04E}.Debug|x86.Build.0 = Debug|Win32
		{7F0955E7-6EB4-4854-BE75-CF06809DE04E}.Release|x64.ActiveCfg = Release|x64
		{7F0955E7-6EB4-4854-BE75-CF06809DE04E}.Release|x64.Build.0 = Release|x64
		{7F0955E7-6EB4-4854-BE75-CF06809DE04E}.Release|x86.ActiveCfg = Release|Win32
		{7F0955E7-6EB4-4854-BE75-CF06809DE04E}.Release|x86.Build.0 = Release|Win32
		{C642F233-7EE8-4770-B876-B39A3E4A9F22}.Debug|x64.ActiveCfg = Debug|x64
		{C642F233-7EE8-4770-B876-B39A3E4A9F22}.Debug|x64.Build.0 = Debug|x64
		{C642F233-7EE8-4770-B876-B39A3E4A9F22}.Debug|x86.ActiveCfg = Debug|Win32
		{C642F233-7EE8-4770-B876-B39A3E4A9F22}.Debug|x86.Build.0 = Debug|Win32
		{C642F233-7EE8-4770-B876-B39A3E4A9F22}.Release|x64.ActiveCfg = Release|x64
		{C642F233-7EE8-4770-B876-B39A3E4A9F22}.Release|x64.Build.0 = Release|x64
		{C642F233-7EE8-4770-B876-B39A3E4A9F22}.Release|x86.ActiveCfg = Release|Win32
		{C642F233-7EE8-4770-B876-B39A3E4A9F22}.Release|x86.Build.0 = Release|Win32
		{42D3F3AA-2704-407A-90BB-A3EEDFBD9613}.Debug|x64.ActiveCfg = Debug|x64
		{42D3F3AA-2704-407A-90BB-A3EEDFBD9613}.Debug|x64.Build.0 = Debug|x64
		{42D3F3AA-2704-407A-90BB-A3EEDFBD9613}.Debug|x86.ActiveCfg = Debug|Win32
		{42D3F3AA-2704-407A-90BB-A3EEDFBD9613}.Debug|x86.Build.0 = Debug|Win32
		{42D3F3AA-2704-407A-90BB-A3EEDFBD9613}.Release|x64.ActiveCfg = Release|x64
		{42D3F3AA-2704-407A-90BB-A3EEDFBD9613}.Release|x64.Build.0 = Release|x64
		{42D3F3AA-2704-407A-90BB-A3EEDFBD9613}.Release|x86.ActiveCfg = Release|Win32
		{42D3F3AA-2704-407A-90BB-A3EEDFBD9613}.Release|x86.Build.0 = Release|Win32
		{B806DA19-C8BF-4A84-BC08-7AB4DC634D12}.Debug|x64.ActiveCfg = Debug|x64
		{B806DA19-C8BF-4A84-BC08-7AB4DC634D12}.Debug|x64.Build.0 = Debug|x64
		{B806DA19-C8BF-4A84-BC08-7AB4DC634D12}.Debug|x86.ActiveCfg = Debug|Win32
		{B806DA19-C8BF-4A84-BC08-7AB4DC634D12}.Debug|x86.Build.0 = Debug|Win32
		{B806DA19-C8BF-4A84-BC08-7AB4DC634D12}.Release|x64.ActiveCfg = Release|x64
		{B806DA19-C8BF-4A84-BC08-7AB4DC634D12}.Release|x64.Build.0 = Release|x64
		{B806DA19-C8BF-4A84-BC08-7AB4DC634D12}.Release|x86.ActiveCfg = Release|Win32
		{B806DA19-C8BF-4A84-BC08-7AB4DC634D12}.Release|x86.Build.0 = Release|Win32
		{4266609C-E5C9-4100-9E3F-13CC825F3E4E}.Debug|x64.ActiveCfg = Debug|x64
		{4266609C-E5C9-4100-9E3F-13CC825F3E4E}.Debug|x64.Build.0 = Debug|x64
		{4266609C-E5C9-4100-9E3F-13CC825F3E4E}.Debug|x86.ActiveCfg = Debug|Win32
		{4266609C-E5C9-4100-9E3F-13CC825F3E4E}.Debug|x86.Build.0 = Debug|Win32
		{4266609C-E5C9-4100-9E3F-13CC825F3E4E}.Release|x64.ActiveCfg = Release|x64
		{4266609C-E5C9-4100-9E3F-13CC825F3E4E}.Release|x64.Build.0 = Release|x64
		{4266609C-E5C9-4100-9E3F-13CC825F3E4E}.Release|x86.ActiveCfg = Release|Win32
		{4266609C-E5C9-4100-9E3F-13CC825F3E4E}.Release|x86.Build.0 = Release|Win32
	EndGlobalSection
	GlobalSection(SolutionProperties) = preSolution
		HideSolutionNode = FALSE
	EndGlobalSection
	GlobalSection(NestedProjects) = preSolution
		{B456D941-1AD8-4431-8CCA-1E3D80F36CEB} = {BC8DBF15-F04D-4895-9063-67B73F92297F}
		{7F0955E7-6EB4-4854-BE75-CF06809DE04E} = {BC8DBF15-F04D-4895-9063-67B73F92297F}
		{C642F233-7EE8-4770-B876-B39A3E4A9F22} = {BC8DBF15-F04D-4895-9063-67B73F92297F}
		{42D3F3AA-2704-407A-90BB-A3EEDFBD9613} = {BC8DBF15-F04D-4895-9063-67B73F92297F}
		{B806DA19-C8BF-4A84-BC08-7AB4DC634D12} = {BC8DBF15-F04D-4895-9063-67B73F92297F}
		{4266609C-E5C9-4100-9E3F-13CC825F3E4E} = {29139219-A0CC-4B36-88BC-970BF733BC51}
	EndGlobalSection
	GlobalSection(ExtensibilityGlobals) = postSolution
		SolutionGuid = {0D5D4A3A-D02D-4BB9-A556-99D001005828}
	EndGlobalSection
EndGlobal
